
Microsoft Visual Studio Solution File, Format Version 12.00
Project("{FAE04EC0-301F-11D3-BF4B-00C04F79EFBC}") = "Part1.1", "Part1.1\Part1.1.csproj", "{1EFCAFCF-2017-40FA-97EC-DE391EFDE5CC}"
EndProject
Project("{FAE04EC0-301F-11D3-BF4B-00C04F79EFBC}") = "Part1.2", "Part1.2\Part1.2.csproj", "{C9FC42AB-1964-4BA4-91AD-71F07350C6C3}"
EndProject
Project("{FAE04EC0-301F-11D3-BF4B-00C04F79EFBC}") = "Part4_ex1", "Part4_ex1\Part4_ex1.csproj", "{E5FA1791-ED69-417A-9CEC-0017B1B9BD64}"
EndProject
Project("{FAE04EC0-301F-11D3-BF4B-00C04F79EFBC}") = "Part4_ex2", "Part4_ex2\Part4_ex2.csproj", "{3B1B00A3-A668-4EF8-A924-A7C8434F6D6F}"
EndProject
Global
	GlobalSection(SolutionConfigurationPlatforms) = preSolution
		Debug|Any CPU = Debug|Any CPU
		Release|Any CPU = Release|Any CPU
	EndGlobalSection
	GlobalSection(ProjectConfigurationPlatforms) = postSolution
		{1EFCAFCF-2017-40FA-97EC-DE391EFDE5CC}.Debug|Any CPU.ActiveCfg = Debug|Any CPU
		{1EFCAFCF-2017-40FA-97EC-DE391EFDE5CC}.Debug|Any CPU.Build.0 = Debug|Any CPU
		{1EFCAFCF-2017-40FA-97EC-DE391EFDE5CC}.Release|Any CPU.ActiveCfg = Release|Any CPU
		{1EFCAFCF-2017-40FA-97EC-DE391EFDE5CC}.Release|Any CPU.Build.0 = Release|Any CPU
		{C9FC42AB-1964-4BA4-91AD-71F07350C6C3}.Debug|Any CPU.ActiveCfg = Debug|Any CPU
		{C9FC42AB-1964-4BA4-91AD-71F07350C6C3}.Debug|Any CPU.Build.0 = Debug|Any CPU
		{C9FC42AB-1964-4BA4-91AD-71F07350C6C3}.Release|Any CPU.ActiveCfg = Release|Any CPU
		{C9FC42AB-1964-4BA4-91AD-71F07350C6C3}.Release|Any CPU.Build.0 = Release|Any CPU
		{E5FA1791-ED69-417A-9CEC-0017B1B9BD64}.Debug|Any CPU.ActiveCfg = Debug|Any CPU
		{E5FA1791-ED69-417A-9CEC-0017B1B9BD64}.Debug|Any CPU.Build.0 = Debug|Any CPU
		{E5FA1791-ED69-417A-9CEC-0017B1B9BD64}.Release|Any CPU.ActiveCfg = Release|Any CPU
		{E5FA1791-ED69-417A-9CEC-0017B1B9BD64}.Release|Any CPU.Build.0 = Release|Any CPU
		{3B1B00A3-A668-4EF8-A924-A7C8434F6D6F}.Debug|Any CPU.ActiveCfg = Debug|Any CPU
		{3B1B00A3-A668-4EF8-A924-A7C8434F6D6F}.Debug|Any CPU.Build.0 = Debug|Any CPU
		{3B1B00A3-A668-4EF8-A924-A7C8434F6D6F}.Release|Any CPU.ActiveCfg = Release|Any CPU
		{3B1B00A3-A668-4EF8-A924-A7C8434F6D6F}.Release|Any CPU.Build.0 = Release|Any CPU
	EndGlobalSection
EndGlobal
